// !$*UTF8*$!
{
	archiveVersion = 1;
	classes = {
	};
	objectVersion = 46;
	objects = {

/* Begin PBXBuildFile section */
		31084413199373DE00175CD3 /* SongListViewController.m in Sources */ = {isa = PBXBuildFile; fileRef = 31084411199373DE00175CD3 /* SongListViewController.m */; };
		3122EFFC1990A8B00077C857 /* Foundation.framework in Frameworks */ = {isa = PBXBuildFile; fileRef = 3122EFFB1990A8B00077C857 /* Foundation.framework */; };
		3122EFFE1990A8B00077C857 /* CoreGraphics.framework in Frameworks */ = {isa = PBXBuildFile; fileRef = 3122EFFD1990A8B00077C857 /* CoreGraphics.framework */; };
		3122F0001990A8B00077C857 /* UIKit.framework in Frameworks */ = {isa = PBXBuildFile; fileRef = 3122EFFF1990A8B00077C857 /* UIKit.framework */; };
		3122F0061990A8B00077C857 /* InfoPlist.strings in Resources */ = {isa = PBXBuildFile; fileRef = 3122F0041990A8B00077C857 /* InfoPlist.strings */; };
		3122F0081990A8B00077C857 /* main.m in Sources */ = {isa = PBXBuildFile; fileRef = 3122F0071990A8B00077C857 /* main.m */; };
		3122F00C1990A8B00077C857 /* AppDelegate.m in Sources */ = {isa = PBXBuildFile; fileRef = 3122F00B1990A8B00077C857 /* AppDelegate.m */; };
		3122F00E1990A8B00077C857 /* Images.xcassets in Resources */ = {isa = PBXBuildFile; fileRef = 3122F00D1990A8B00077C857 /* Images.xcassets */; };
		3122F0151990A8B00077C857 /* XCTest.framework in Frameworks */ = {isa = PBXBuildFile; fileRef = 3122F0141990A8B00077C857 /* XCTest.framework */; };
		3122F0161990A8B00077C857 /* Foundation.framework in Frameworks */ = {isa = PBXBuildFile; fileRef = 3122EFFB1990A8B00077C857 /* Foundation.framework */; };
		3122F0171990A8B00077C857 /* UIKit.framework in Frameworks */ = {isa = PBXBuildFile; fileRef = 3122EFFF1990A8B00077C857 /* UIKit.framework */; };
		3122F01F1990A8B00077C857 /* InfoPlist.strings in Resources */ = {isa = PBXBuildFile; fileRef = 3122F01D1990A8B00077C857 /* InfoPlist.strings */; };
		3122F0211990A8B00077C857 /* FreeMusicTests.m in Sources */ = {isa = PBXBuildFile; fileRef = 3122F0201990A8B00077C857 /* FreeMusicTests.m */; };
		3141E8451992278E00CB58A1 /* MyTableViewCell.m in Sources */ = {isa = PBXBuildFile; fileRef = 3141E8441992278E00CB58A1 /* MyTableViewCell.m */; };
		3141E84819922F8600CB58A1 /* MyCircleImageView.m in Sources */ = {isa = PBXBuildFile; fileRef = 3141E84719922F8600CB58A1 /* MyCircleImageView.m */; };
		314876AC1990B30100D0CFCE /* SearchViewController.m in Sources */ = {isa = PBXBuildFile; fileRef = 314876AB1990B30100D0CFCE /* SearchViewController.m */; };
		314876AF1990B33D00D0CFCE /* MyMusicViewController.m in Sources */ = {isa = PBXBuildFile; fileRef = 314876AE1990B33D00D0CFCE /* MyMusicViewController.m */; };
		314876B21990B35200D0CFCE /* TudouViewController.m in Sources */ = {isa = PBXBuildFile; fileRef = 314876B11990B35200D0CFCE /* TudouViewController.m */; };
		314876B71990B53000D0CFCE /* 1136.png in Resources */ = {isa = PBXBuildFile; fileRef = 314876B51990B53000D0CFCE /* 1136.png */; };
		314876B81990B53000D0CFCE /* 960.png in Resources */ = {isa = PBXBuildFile; fileRef = 314876B61990B53000D0CFCE /* 960.png */; };
		3176A6A41991BD4700D37CCC /* MyNavigationBar.m in Sources */ = {isa = PBXBuildFile; fileRef = 3176A6A31991BD4700D37CCC /* MyNavigationBar.m */; };
		3176A6A61991FA5000D37CCC /* slider-thumb.png in Resources */ = {isa = PBXBuildFile; fileRef = 3176A6A51991FA5000D37CCC /* slider-thumb.png */; };
		3176A6AA199206CF00D37CCC /* order@2x.png in Resources */ = {isa = PBXBuildFile; fileRef = 3176A6A7199206CF00D37CCC /* order@2x.png */; };
		3176A6AB199206CF00D37CCC /* random@2x.png in Resources */ = {isa = PBXBuildFile; fileRef = 3176A6A8199206CF00D37CCC /* random@2x.png */; };
		3176A6AC199206CF00D37CCC /* repeate@2x.png in Resources */ = {isa = PBXBuildFile; fileRef = 3176A6A9199206CF00D37CCC /* repeate@2x.png */; };
		3176A6B31992105500D37CCC /* nextSong@2x.png in Resources */ = {isa = PBXBuildFile; fileRef = 3176A6AD1992105500D37CCC /* nextSong@2x.png */; };
		3176A6B41992105500D37CCC /* pause@2x.png in Resources */ = {isa = PBXBuildFile; fileRef = 3176A6AE1992105500D37CCC /* pause@2x.png */; };
		3176A6B51992105500D37CCC /* pauseHight@2x.png in Resources */ = {isa = PBXBuildFile; fileRef = 3176A6AF1992105500D37CCC /* pauseHight@2x.png */; };
		3176A6B61992105500D37CCC /* play@2x.png in Resources */ = {isa = PBXBuildFile; fileRef = 3176A6B01992105500D37CCC /* play@2x.png */; };
		3176A6B71992105500D37CCC /* playList@2x.png in Resources */ = {isa = PBXBuildFile; fileRef = 3176A6B11992105500D37CCC /* playList@2x.png */; };
		3176A6B81992105500D37CCC /* preSong@2x.png in Resources */ = {isa = PBXBuildFile; fileRef = 3176A6B21992105500D37CCC /* preSong@2x.png */; };
		3176A6BC19921B5400D37CCC /* collect@2x.png in Resources */ = {isa = PBXBuildFile; fileRef = 3176A6B919921B5400D37CCC /* collect@2x.png */; };
		3176A6BD19921B5400D37CCC /* collected@2x.png in Resources */ = {isa = PBXBuildFile; fileRef = 3176A6BA19921B5400D37CCC /* collected@2x.png */; };
		3176A6BE19921B5400D37CCC /* downLoad@2x.png in Resources */ = {isa = PBXBuildFile; fileRef = 3176A6BB19921B5400D37CCC /* downLoad@2x.png */; };
		3176A6C2199220AB00D37CCC /* nav_music@2x.png in Resources */ = {isa = PBXBuildFile; fileRef = 3176A6C0199220AB00D37CCC /* nav_music@2x.png */; };
		317812EF199350EE0040AA29 /* SingerInfo.m in Sources */ = {isa = PBXBuildFile; fileRef = 317812EE199350EE0040AA29 /* SingerInfo.m */; };
		317812F11993566D0040AA29 /* avatar.png in Resources */ = {isa = PBXBuildFile; fileRef = 317812F01993566D0040AA29 /* avatar.png */; };
		317812FB1993628D0040AA29 /* AsyncImageDownloader.m in Sources */ = {isa = PBXBuildFile; fileRef = 317812F41993628D0040AA29 /* AsyncImageDownloader.m */; };
		317812FC1993628D0040AA29 /* ImageCacheQueue.m in Sources */ = {isa = PBXBuildFile; fileRef = 317812F61993628D0040AA29 /* ImageCacheQueue.m */; };
		317812FD1993628D0040AA29 /* NSString+MD5.m in Sources */ = {isa = PBXBuildFile; fileRef = 317812F81993628D0040AA29 /* NSString+MD5.m */; };
		317812FE1993628D0040AA29 /* UIImageView+OnlineImage.m in Sources */ = {isa = PBXBuildFile; fileRef = 317812FA1993628D0040AA29 /* UIImageView+OnlineImage.m */; };
		31781308199366930040AA29 /* MyCircleImageView+OnlineImage.m in Sources */ = {isa = PBXBuildFile; fileRef = 31781307199366930040AA29 /* MyCircleImageView+OnlineImage.m */; };
		317DEE0C1990DF680054D225 /* PlayViewController.m in Sources */ = {isa = PBXBuildFile; fileRef = 317DEE0B1990DF680054D225 /* PlayViewController.m */; };
		317DEE0E1990E7F20054D225 /* nav_backbtn@2x.png in Resources */ = {isa = PBXBuildFile; fileRef = 317DEE0D1990E7F20054D225 /* nav_backbtn@2x.png */; };
		31AC14AF199323A2006150A1 /* libsqlite3.0.dylib in Frameworks */ = {isa = PBXBuildFile; fileRef = 31AC14AE199323A2006150A1 /* libsqlite3.0.dylib */; };
		31AC14BE19932958006150A1 /* FMDatabase.m in Sources */ = {isa = PBXBuildFile; fileRef = 31AC14B419932958006150A1 /* FMDatabase.m */; };
		31AC14BF19932958006150A1 /* FMDatabaseAdditions.m in Sources */ = {isa = PBXBuildFile; fileRef = 31AC14B619932958006150A1 /* FMDatabaseAdditions.m */; };
		31AC14C019932958006150A1 /* FMDatabasePool.m in Sources */ = {isa = PBXBuildFile; fileRef = 31AC14B819932958006150A1 /* FMDatabasePool.m */; };
		31AC14C119932958006150A1 /* FMDatabaseQueue.m in Sources */ = {isa = PBXBuildFile; fileRef = 31AC14BA19932958006150A1 /* FMDatabaseQueue.m */; };
		31AC14C219932958006150A1 /* FMResultSet.m in Sources */ = {isa = PBXBuildFile; fileRef = 31AC14BD19932958006150A1 /* FMResultSet.m */; };
		31DA4BDC1990C8850018519B /* mymusic@2x.png in Resources */ = {isa = PBXBuildFile; fileRef = 31DA4BD91990C8850018519B /* mymusic@2x.png */; };
		31DA4BDD1990C8850018519B /* tabbarMovie@2x.png in Resources */ = {isa = PBXBuildFile; fileRef = 31DA4BDA1990C8850018519B /* tabbarMovie@2x.png */; };
		31DA4BDE1990C8850018519B /* tabbarSearch@2x.png in Resources */ = {isa = PBXBuildFile; fileRef = 31DA4BDB1990C8850018519B /* tabbarSearch@2x.png */; };
/* End PBXBuildFile section */

/* Begin PBXContainerItemProxy section */
		3122F0181990A8B00077C857 /* PBXContainerItemProxy */ = {
			isa = PBXContainerItemProxy;
			containerPortal = 3122EFF01990A8B00077C857 /* Project object */;
			proxyType = 1;
			remoteGlobalIDString = 3122EFF71990A8B00077C857;
			remoteInfo = FreeMusic;
		};
/* End PBXContainerItemProxy section */

/* Begin PBXFileReference section */
		31084410199373DE00175CD3 /* SongListViewController.h */ = {isa = PBXFileReference; fileEncoding = 4; lastKnownFileType = sourcecode.c.h; path = SongListViewController.h; sourceTree = "<group>"; };
		31084411199373DE00175CD3 /* SongListViewController.m */ = {isa = PBXFileReference; fileEncoding = 4; lastKnownFileType = sourcecode.c.objc; path = SongListViewController.m; sourceTree = "<group>"; };
		3122EFF81990A8B00077C857 /* FreeMusic.app */ = {isa = PBXFileReference; explicitFileType = wrapper.application; includeInIndex = 0; path = FreeMusic.app; sourceTree = BUILT_PRODUCTS_DIR; };
		3122EFFB1990A8B00077C857 /* Foundation.framework */ = {isa = PBXFileReference; lastKnownFileType = wrapper.framework; name = Foundation.framework; path = System/Library/Frameworks/Foundation.framework; sourceTree = SDKROOT; };
		3122EFFD1990A8B00077C857 /* CoreGraphics.framework */ = {isa = PBXFileReference; lastKnownFileType = wrapper.framework; name = CoreGraphics.framework; path = System/Library/Frameworks/CoreGraphics.framework; sourceTree = SDKROOT; };
		3122EFFF1990A8B00077C857 /* UIKit.framework */ = {isa = PBXFileReference; lastKnownFileType = wrapper.framework; name = UIKit.framework; path = System/Library/Frameworks/UIKit.framework; sourceTree = SDKROOT; };
		3122F0031990A8B00077C857 /* FreeMusic-Info.plist */ = {isa = PBXFileReference; lastKnownFileType = text.plist.xml; path = "FreeMusic-Info.plist"; sourceTree = "<group>"; };
		3122F0051990A8B00077C857 /* en */ = {isa = PBXFileReference; lastKnownFileType = text.plist.strings; name = en; path = en.lproj/InfoPlist.strings; sourceTree = "<group>"; };
		3122F0071990A8B00077C857 /* main.m */ = {isa = PBXFileReference; lastKnownFileType = sourcecode.c.objc; path = main.m; sourceTree = "<group>"; };
		3122F0091990A8B00077C857 /* FreeMusic-Prefix.pch */ = {isa = PBXFileReference; lastKnownFileType = sourcecode.c.h; path = "FreeMusic-Prefix.pch"; sourceTree = "<group>"; };
		3122F00A1990A8B00077C857 /* AppDelegate.h */ = {isa = PBXFileReference; lastKnownFileType = sourcecode.c.h; path = AppDelegate.h; sourceTree = "<group>"; };
		3122F00B1990A8B00077C857 /* AppDelegate.m */ = {isa = PBXFileReference; lastKnownFileType = sourcecode.c.objc; path = AppDelegate.m; sourceTree = "<group>"; };
		3122F00D1990A8B00077C857 /* Images.xcassets */ = {isa = PBXFileReference; lastKnownFileType = folder.assetcatalog; path = Images.xcassets; sourceTree = "<group>"; };
		3122F0131990A8B00077C857 /* FreeMusicTests.xctest */ = {isa = PBXFileReference; explicitFileType = wrapper.cfbundle; includeInIndex = 0; path = FreeMusicTests.xctest; sourceTree = BUILT_PRODUCTS_DIR; };
		3122F0141990A8B00077C857 /* XCTest.framework */ = {isa = PBXFileReference; lastKnownFileType = wrapper.framework; name = XCTest.framework; path = Library/Frameworks/XCTest.framework; sourceTree = DEVELOPER_DIR; };
		3122F01C1990A8B00077C857 /* FreeMusicTests-Info.plist */ = {isa = PBXFileReference; lastKnownFileType = text.plist.xml; path = "FreeMusicTests-Info.plist"; sourceTree = "<group>"; };
		3122F01E1990A8B00077C857 /* en */ = {isa = PBXFileReference; lastKnownFileType = text.plist.strings; name = en; path = en.lproj/InfoPlist.strings; sourceTree = "<group>"; };
		3122F0201990A8B00077C857 /* FreeMusicTests.m */ = {isa = PBXFileReference; lastKnownFileType = sourcecode.c.objc; path = FreeMusicTests.m; sourceTree = "<group>"; };
		3141E8431992278E00CB58A1 /* MyTableViewCell.h */ = {isa = PBXFileReference; fileEncoding = 4; lastKnownFileType = sourcecode.c.h; path = MyTableViewCell.h; sourceTree = "<group>"; };
		3141E8441992278E00CB58A1 /* MyTableViewCell.m */ = {isa = PBXFileReference; fileEncoding = 4; lastKnownFileType = sourcecode.c.objc; path = MyTableViewCell.m; sourceTree = "<group>"; };
		3141E84619922F8600CB58A1 /* MyCircleImageView.h */ = {isa = PBXFileReference; fileEncoding = 4; lastKnownFileType = sourcecode.c.h; path = MyCircleImageView.h; sourceTree = "<group>"; };
		3141E84719922F8600CB58A1 /* MyCircleImageView.m */ = {isa = PBXFileReference; fileEncoding = 4; lastKnownFileType = sourcecode.c.objc; path = MyCircleImageView.m; sourceTree = "<group>"; };
		314876AA1990B30100D0CFCE /* SearchViewController.h */ = {isa = PBXFileReference; fileEncoding = 4; lastKnownFileType = sourcecode.c.h; path = SearchViewController.h; sourceTree = "<group>"; };
		314876AB1990B30100D0CFCE /* SearchViewController.m */ = {isa = PBXFileReference; fileEncoding = 4; lastKnownFileType = sourcecode.c.objc; path = SearchViewController.m; sourceTree = "<group>"; };
		314876AD1990B33D00D0CFCE /* MyMusicViewController.h */ = {isa = PBXFileReference; fileEncoding = 4; lastKnownFileType = sourcecode.c.h; path = MyMusicViewController.h; sourceTree = "<group>"; };
		314876AE1990B33D00D0CFCE /* MyMusicViewController.m */ = {isa = PBXFileReference; fileEncoding = 4; lastKnownFileType = sourcecode.c.objc; path = MyMusicViewController.m; sourceTree = "<group>"; };
		314876B01990B35200D0CFCE /* TudouViewController.h */ = {isa = PBXFileReference; fileEncoding = 4; lastKnownFileType = sourcecode.c.h; path = TudouViewController.h; sourceTree = "<group>"; };
		314876B11990B35200D0CFCE /* TudouViewController.m */ = {isa = PBXFileReference; fileEncoding = 4; lastKnownFileType = sourcecode.c.objc; path = TudouViewController.m; sourceTree = "<group>"; };
		314876B51990B53000D0CFCE /* 1136.png */ = {isa = PBXFileReference; lastKnownFileType = image.png; path = 1136.png; sourceTree = "<group>"; };
		314876B61990B53000D0CFCE /* 960.png */ = {isa = PBXFileReference; lastKnownFileType = image.png; path = 960.png; sourceTree = "<group>"; };
		3176A6A21991BD4700D37CCC /* MyNavigationBar.h */ = {isa = PBXFileReference; fileEncoding = 4; lastKnownFileType = sourcecode.c.h; path = MyNavigationBar.h; sourceTree = "<group>"; };
		3176A6A31991BD4700D37CCC /* MyNavigationBar.m */ = {isa = PBXFileReference; fileEncoding = 4; lastKnownFileType = sourcecode.c.objc; path = MyNavigationBar.m; sourceTree = "<group>"; };
		3176A6A51991FA5000D37CCC /* slider-thumb.png */ = {isa = PBXFileReference; lastKnownFileType = image.png; path = "slider-thumb.png"; sourceTree = "<group>"; };
		3176A6A7199206CF00D37CCC /* order@2x.png */ = {isa = PBXFileReference; lastKnownFileType = image.png; path = "order@2x.png"; sourceTree = "<group>"; };
		3176A6A8199206CF00D37CCC /* random@2x.png */ = {isa = PBXFileReference; lastKnownFileType = image.png; path = "random@2x.png"; sourceTree = "<group>"; };
		3176A6A9199206CF00D37CCC /* repeate@2x.png */ = {isa = PBXFileReference; lastKnownFileType = image.png; path = "repeate@2x.png"; sourceTree = "<group>"; };
		3176A6AD1992105500D37CCC /* nextSong@2x.png */ = {isa = PBXFileReference; lastKnownFileType = image.png; path = "nextSong@2x.png"; sourceTree = "<group>"; };
		3176A6AE1992105500D37CCC /* pause@2x.png */ = {isa = PBXFileReference; lastKnownFileType = image.png; path = "pause@2x.png"; sourceTree = "<group>"; };
		3176A6AF1992105500D37CCC /* pauseHight@2x.png */ = {isa = PBXFileReference; lastKnownFileType = image.png; path = "pauseHight@2x.png"; sourceTree = "<group>"; };
		3176A6B01992105500D37CCC /* play@2x.png */ = {isa = PBXFileReference; lastKnownFileType = image.png; path = "play@2x.png"; sourceTree = "<group>"; };
		3176A6B11992105500D37CCC /* playList@2x.png */ = {isa = PBXFileReference; lastKnownFileType = image.png; path = "playList@2x.png"; sourceTree = "<group>"; };
		3176A6B21992105500D37CCC /* preSong@2x.png */ = {isa = PBXFileReference; lastKnownFileType = image.png; path = "preSong@2x.png"; sourceTree = "<group>"; };
		3176A6B919921B5400D37CCC /* collect@2x.png */ = {isa = PBXFileReference; lastKnownFileType = image.png; path = "collect@2x.png"; sourceTree = "<group>"; };
		3176A6BA19921B5400D37CCC /* collected@2x.png */ = {isa = PBXFileReference; lastKnownFileType = image.png; path = "collected@2x.png"; sourceTree = "<group>"; };
		3176A6BB19921B5400D37CCC /* downLoad@2x.png */ = {isa = PBXFileReference; lastKnownFileType = image.png; path = "downLoad@2x.png"; sourceTree = "<group>"; };
		3176A6C0199220AB00D37CCC /* nav_music@2x.png */ = {isa = PBXFileReference; lastKnownFileType = image.png; path = "nav_music@2x.png"; sourceTree = "<group>"; };
		317812ED199350EE0040AA29 /* SingerInfo.h */ = {isa = PBXFileReference; fileEncoding = 4; lastKnownFileType = sourcecode.c.h; path = SingerInfo.h; sourceTree = "<group>"; };
		317812EE199350EE0040AA29 /* SingerInfo.m */ = {isa = PBXFileReference; fileEncoding = 4; lastKnownFileType = sourcecode.c.objc; path = SingerInfo.m; sourceTree = "<group>"; };
		317812F01993566D0040AA29 /* avatar.png */ = {isa = PBXFileReference; lastKnownFileType = image.png; path = avatar.png; sourceTree = "<group>"; };
		317812F31993628D0040AA29 /* AsyncImageDownloader.h */ = {isa = PBXFileReference; fileEncoding = 4; lastKnownFileType = sourcecode.c.h; path = AsyncImageDownloader.h; sourceTree = "<group>"; };
		317812F41993628D0040AA29 /* AsyncImageDownloader.m */ = {isa = PBXFileReference; fileEncoding = 4; lastKnownFileType = sourcecode.c.objc; path = AsyncImageDownloader.m; sourceTree = "<group>"; };
		317812F51993628D0040AA29 /* ImageCacheQueue.h */ = {isa = PBXFileReference; fileEncoding = 4; lastKnownFileType = sourcecode.c.h; path = ImageCacheQueue.h; sourceTree = "<group>"; };
		317812F61993628D0040AA29 /* ImageCacheQueue.m */ = {isa = PBXFileReference; fileEncoding = 4; lastKnownFileType = sourcecode.c.objc; path = ImageCacheQueue.m; sourceTree = "<group>"; };
		317812F71993628D0040AA29 /* NSString+MD5.h */ = {isa = PBXFileReference; fileEncoding = 4; lastKnownFileType = sourcecode.c.h; path = "NSString+MD5.h"; sourceTree = "<group>"; };
		317812F81993628D0040AA29 /* NSString+MD5.m */ = {isa = PBXFileReference; fileEncoding = 4; lastKnownFileType = sourcecode.c.objc; path = "NSString+MD5.m"; sourceTree = "<group>"; };
		317812F91993628D0040AA29 /* UIImageView+OnlineImage.h */ = {isa = PBXFileReference; fileEncoding = 4; lastKnownFileType = sourcecode.c.h; path = "UIImageView+OnlineImage.h"; sourceTree = "<group>"; };
		317812FA1993628D0040AA29 /* UIImageView+OnlineImage.m */ = {isa = PBXFileReference; fileEncoding = 4; lastKnownFileType = sourcecode.c.objc; path = "UIImageView+OnlineImage.m"; sourceTree = "<group>"; };
		31781306199366930040AA29 /* MyCircleImageView+OnlineImage.h */ = {isa = PBXFileReference; fileEncoding = 4; lastKnownFileType = sourcecode.c.h; path = "MyCircleImageView+OnlineImage.h"; sourceTree = "<group>"; };
		31781307199366930040AA29 /* MyCircleImageView+OnlineImage.m */ = {isa = PBXFileReference; fileEncoding = 4; lastKnownFileType = sourcecode.c.objc; path = "MyCircleImageView+OnlineImage.m"; sourceTree = "<group>"; };
		317DEE0A1990DF680054D225 /* PlayViewController.h */ = {isa = PBXFileReference; fileEncoding = 4; lastKnownFileType = sourcecode.c.h; path = PlayViewController.h; sourceTree = "<group>"; };
		317DEE0B1990DF680054D225 /* PlayViewController.m */ = {isa = PBXFileReference; fileEncoding = 4; lastKnownFileType = sourcecode.c.objc; path = PlayViewController.m; sourceTree = "<group>"; };
		317DEE0D1990E7F20054D225 /* nav_backbtn@2x.png */ = {isa = PBXFileReference; lastKnownFileType = image.png; path = "nav_backbtn@2x.png"; sourceTree = "<group>"; };
		31AC14AE199323A2006150A1 /* libsqlite3.0.dylib */ = {isa = PBXFileReference; lastKnownFileType = "compiled.mach-o.dylib"; name = libsqlite3.0.dylib; path = usr/lib/libsqlite3.0.dylib; sourceTree = SDKROOT; };
		31AC14B319932958006150A1 /* FMDatabase.h */ = {isa = PBXFileReference; fileEncoding = 4; lastKnownFileType = sourcecode.c.h; path = FMDatabase.h; sourceTree = "<group>"; };
		31AC14B419932958006150A1 /* FMDatabase.m */ = {isa = PBXFileReference; fileEncoding = 4; lastKnownFileType = sourcecode.c.objc; path = FMDatabase.m; sourceTree = "<group>"; };
		31AC14B519932958006150A1 /* FMDatabaseAdditions.h */ = {isa = PBXFileReference; fileEncoding = 4; lastKnownFileType = sourcecode.c.h; path = FMDatabaseAdditions.h; sourceTree = "<group>"; };
		31AC14B619932958006150A1 /* FMDatabaseAdditions.m */ = {isa = PBXFileReference; fileEncoding = 4; lastKnownFileType = sourcecode.c.objc; path = FMDatabaseAdditions.m; sourceTree = "<group>"; };
		31AC14B719932958006150A1 /* FMDatabasePool.h */ = {isa = PBXFileReference; fileEncoding = 4; lastKnownFileType = sourcecode.c.h; path = FMDatabasePool.h; sourceTree = "<group>"; };
		31AC14B819932958006150A1 /* FMDatabasePool.m */ = {isa = PBXFileReference; fileEncoding = 4; lastKnownFileType = sourcecode.c.objc; path = FMDatabasePool.m; sourceTree = "<group>"; };
		31AC14B919932958006150A1 /* FMDatabaseQueue.h */ = {isa = PBXFileReference; fileEncoding = 4; lastKnownFileType = sourcecode.c.h; path = FMDatabaseQueue.h; sourceTree = "<group>"; };
		31AC14BA19932958006150A1 /* FMDatabaseQueue.m */ = {isa = PBXFileReference; fileEncoding = 4; lastKnownFileType = sourcecode.c.objc; path = FMDatabaseQueue.m; sourceTree = "<group>"; };
		31AC14BB19932958006150A1 /* FMDB.h */ = {isa = PBXFileReference; fileEncoding = 4; lastKnownFileType = sourcecode.c.h; path = FMDB.h; sourceTree = "<group>"; };
		31AC14BC19932958006150A1 /* FMResultSet.h */ = {isa = PBXFileReference; fileEncoding = 4; lastKnownFileType = sourcecode.c.h; path = FMResultSet.h; sourceTree = "<group>"; };
		31AC14BD19932958006150A1 /* FMResultSet.m */ = {isa = PBXFileReference; fileEncoding = 4; lastKnownFileType = sourcecode.c.objc; path = FMResultSet.m; sourceTree = "<group>"; };
		31DA4BD91990C8850018519B /* mymusic@2x.png */ = {isa = PBXFileReference; lastKnownFileType = image.png; path = "mymusic@2x.png"; sourceTree = "<group>"; };
		31DA4BDA1990C8850018519B /* tabbarMovie@2x.png */ = {isa = PBXFileReference; lastKnownFileType = image.png; path = "tabbarMovie@2x.png"; sourceTree = "<group>"; };
		31DA4BDB1990C8850018519B /* tabbarSearch@2x.png */ = {isa = PBXFileReference; lastKnownFileType = image.png; path = "tabbarSearch@2x.png"; sourceTree = "<group>"; };
/* End PBXFileReference section */

/* Begin PBXFrameworksBuildPhase section */
		3122EFF51990A8B00077C857 /* Frameworks */ = {
			isa = PBXFrameworksBuildPhase;
			buildActionMask = 2147483647;
			files = (
				31AC14AF199323A2006150A1 /* libsqlite3.0.dylib in Frameworks */,
				3122EFFE1990A8B00077C857 /* CoreGraphics.framework in Frameworks */,
				3122F0001990A8B00077C857 /* UIKit.framework in Frameworks */,
				3122EFFC1990A8B00077C857 /* Foundation.framework in Frameworks */,
			);
			runOnlyForDeploymentPostprocessing = 0;
		};
		3122F0101990A8B00077C857 /* Frameworks */ = {
			isa = PBXFrameworksBuildPhase;
			buildActionMask = 2147483647;
			files = (
				3122F0151990A8B00077C857 /* XCTest.framework in Frameworks */,
				3122F0171990A8B00077C857 /* UIKit.framework in Frameworks */,
				3122F0161990A8B00077C857 /* Foundation.framework in Frameworks */,
			);
			runOnlyForDeploymentPostprocessing = 0;
		};
/* End PBXFrameworksBuildPhase section */

/* Begin PBXGroup section */
		3122EFEF1990A8B00077C857 = {
			isa = PBXGroup;
			children = (
				3122F0011990A8B00077C857 /* FreeMusic */,
				3122F01A1990A8B00077C857 /* FreeMusicTests */,
				3122EFFA1990A8B00077C857 /* Frameworks */,
				3122EFF91990A8B00077C857 /* Products */,
				314876B41990B53000D0CFCE /* Images */,
				31AC14B119932940006150A1 /* Libs */,
			);
			sourceTree = "<group>";
		};
		3122EFF91990A8B00077C857 /* Products */ = {
			isa = PBXGroup;
			children = (
				3122EFF81990A8B00077C857 /* FreeMusic.app */,
				3122F0131990A8B00077C857 /* FreeMusicTests.xctest */,
			);
			name = Products;
			sourceTree = "<group>";
		};
		3122EFFA1990A8B00077C857 /* Frameworks */ = {
			isa = PBXGroup;
			children = (
				31AC14AE199323A2006150A1 /* libsqlite3.0.dylib */,
				3122EFFB1990A8B00077C857 /* Foundation.framework */,
				3122EFFD1990A8B00077C857 /* CoreGraphics.framework */,
				3122EFFF1990A8B00077C857 /* UIKit.framework */,
				3122F0141990A8B00077C857 /* XCTest.framework */,
			);
			name = Frameworks;
			sourceTree = "<group>";
		};
		3122F0011990A8B00077C857 /* FreeMusic */ = {
			isa = PBXGroup;
			children = (
				31AC14C319932B5E006150A1 /* Utils */,
				3176A6C51992270300D37CCC /* Model */,
				3178130A19936C970040AA29 /* View */,
				3178130919936C5C0040AA29 /* Controller */,
				3122F00A1990A8B00077C857 /* AppDelegate.h */,
				3122F00B1990A8B00077C857 /* AppDelegate.m */,
				3122F00D1990A8B00077C857 /* Images.xcassets */,
				3122F0021990A8B00077C857 /* Supporting Files */,
			);
			path = FreeMusic;
			sourceTree = "<group>";
		};
		3122F0021990A8B00077C857 /* Supporting Files */ = {
			isa = PBXGroup;
			children = (
				3122F0031990A8B00077C857 /* FreeMusic-Info.plist */,
				3122F0041990A8B00077C857 /* InfoPlist.strings */,
				3122F0071990A8B00077C857 /* main.m */,
				3122F0091990A8B00077C857 /* FreeMusic-Prefix.pch */,
			);
			name = "Supporting Files";
			sourceTree = "<group>";
		};
		3122F01A1990A8B00077C857 /* FreeMusicTests */ = {
			isa = PBXGroup;
			children = (
				3122F0201990A8B00077C857 /* FreeMusicTests.m */,
				3122F01B1990A8B00077C857 /* Supporting Files */,
			);
			path = FreeMusicTests;
			sourceTree = "<group>";
		};
		3122F01B1990A8B00077C857 /* Supporting Files */ = {
			isa = PBXGroup;
			children = (
				3122F01C1990A8B00077C857 /* FreeMusicTests-Info.plist */,
				3122F01D1990A8B00077C857 /* InfoPlist.strings */,
			);
			name = "Supporting Files";
			sourceTree = "<group>";
		};
		314876B41990B53000D0CFCE /* Images */ = {
			isa = PBXGroup;
			children = (
				317812F01993566D0040AA29 /* avatar.png */,
				3176A6C0199220AB00D37CCC /* nav_music@2x.png */,
				3176A6B919921B5400D37CCC /* collect@2x.png */,
				3176A6BA19921B5400D37CCC /* collected@2x.png */,
				3176A6BB19921B5400D37CCC /* downLoad@2x.png */,
				3176A6AD1992105500D37CCC /* nextSong@2x.png */,
				3176A6AE1992105500D37CCC /* pause@2x.png */,
				3176A6AF1992105500D37CCC /* pauseHight@2x.png */,
				3176A6B01992105500D37CCC /* play@2x.png */,
				3176A6B11992105500D37CCC /* playList@2x.png */,
				3176A6B21992105500D37CCC /* preSong@2x.png */,
				3176A6A7199206CF00D37CCC /* order@2x.png */,
				3176A6A8199206CF00D37CCC /* random@2x.png */,
				3176A6A9199206CF00D37CCC /* repeate@2x.png */,
				3176A6A51991FA5000D37CCC /* slider-thumb.png */,
				317DEE0D1990E7F20054D225 /* nav_backbtn@2x.png */,
				31DA4BD91990C8850018519B /* mymusic@2x.png */,
				31DA4BDA1990C8850018519B /* tabbarMovie@2x.png */,
				31DA4BDB1990C8850018519B /* tabbarSearch@2x.png */,
				314876B51990B53000D0CFCE /* 1136.png */,
				314876B61990B53000D0CFCE /* 960.png */,
			);
			path = Images;
			sourceTree = "<group>";
		};
		3176A6C51992270300D37CCC /* Model */ = {
			isa = PBXGroup;
			children = (
				317812ED199350EE0040AA29 /* SingerInfo.h */,
				317812EE199350EE0040AA29 /* SingerInfo.m */,
			);
			name = Model;
			sourceTree = "<group>";
		};
		317812F21993628D0040AA29 /* OnlineImage */ = {
			isa = PBXGroup;
			children = (
				317812F31993628D0040AA29 /* AsyncImageDownloader.h */,
				317812F41993628D0040AA29 /* AsyncImageDownloader.m */,
				317812F51993628D0040AA29 /* ImageCacheQueue.h */,
				317812F61993628D0040AA29 /* ImageCacheQueue.m */,
				317812F71993628D0040AA29 /* NSString+MD5.h */,
				317812F81993628D0040AA29 /* NSString+MD5.m */,
				317812F91993628D0040AA29 /* UIImageView+OnlineImage.h */,
				317812FA1993628D0040AA29 /* UIImageView+OnlineImage.m */,
			);
			path = OnlineImage;
			sourceTree = "<group>";
		};
		3178130919936C5C0040AA29 /* Controller */ = {
			isa = PBXGroup;
			children = (
				314876AA1990B30100D0CFCE /* SearchViewController.h */,
				314876AB1990B30100D0CFCE /* SearchViewController.m */,
				31084410199373DE00175CD3 /* SongListViewController.h */,
				31084411199373DE00175CD3 /* SongListViewController.m */,
				314876AD1990B33D00D0CFCE /* MyMusicViewController.h */,
				314876AE1990B33D00D0CFCE /* MyMusicViewController.m */,
				314876B01990B35200D0CFCE /* TudouViewController.h */,
				314876B11990B35200D0CFCE /* TudouViewController.m */,
				317DEE0A1990DF680054D225 /* PlayViewController.h */,
				317DEE0B1990DF680054D225 /* PlayViewController.m */,
			);
			name = Controller;
			sourceTree = "<group>";
		};
		3178130A19936C970040AA29 /* View */ = {
			isa = PBXGroup;
			children = (
				3176A6A21991BD4700D37CCC /* MyNavigationBar.h */,
				3176A6A31991BD4700D37CCC /* MyNavigationBar.m */,
				3141E84619922F8600CB58A1 /* MyCircleImageView.h */,
				3141E84719922F8600CB58A1 /* MyCircleImageView.m */,
				31781306199366930040AA29 /* MyCircleImageView+OnlineImage.h */,
				31781307199366930040AA29 /* MyCircleImageView+OnlineImage.m */,
				3141E8431992278E00CB58A1 /* MyTableViewCell.h */,
				3141E8441992278E00CB58A1 /* MyTableViewCell.m */,
			);
			name = View;
			sourceTree = "<group>";
		};
		31AC14B119932940006150A1 /* Libs */ = {
			isa = PBXGroup;
			children = (
				317812F21993628D0040AA29 /* OnlineImage */,
				31AC14B219932958006150A1 /* fmdb */,
			);
			path = Libs;
			sourceTree = "<group>";
		};
		31AC14B219932958006150A1 /* fmdb */ = {
			isa = PBXGroup;
			children = (
				31AC14B319932958006150A1 /* FMDatabase.h */,
				31AC14B419932958006150A1 /* FMDatabase.m */,
				31AC14B519932958006150A1 /* FMDatabaseAdditions.h */,
				31AC14B619932958006150A1 /* FMDatabaseAdditions.m */,
				31AC14B719932958006150A1 /* FMDatabasePool.h */,
				31AC14B819932958006150A1 /* FMDatabasePool.m */,
				31AC14B919932958006150A1 /* FMDatabaseQueue.h */,
				31AC14BA19932958006150A1 /* FMDatabaseQueue.m */,
				31AC14BB19932958006150A1 /* FMDB.h */,
				31AC14BC19932958006150A1 /* FMResultSet.h */,
				31AC14BD19932958006150A1 /* FMResultSet.m */,
			);
			path = fmdb;
			sourceTree = "<group>";
		};
		31AC14C319932B5E006150A1 /* Utils */ = {
			isa = PBXGroup;
			children = (
			);
			name = Utils;
			sourceTree = "<group>";
		};
/* End PBXGroup section */

/* Begin PBXNativeTarget section */
		3122EFF71990A8B00077C857 /* FreeMusic */ = {
			isa = PBXNativeTarget;
			buildConfigurationList = 3122F0241990A8B00077C857 /* Build configuration list for PBXNativeTarget "FreeMusic" */;
			buildPhases = (
				3122EFF41990A8B00077C857 /* Sources */,
				3122EFF51990A8B00077C857 /* Frameworks */,
				3122EFF61990A8B00077C857 /* Resources */,
			);
			buildRules = (
			);
			dependencies = (
			);
			name = FreeMusic;
			productName = FreeMusic;
			productReference = 3122EFF81990A8B00077C857 /* FreeMusic.app */;
			productType = "com.apple.product-type.application";
		};
		3122F0121990A8B00077C857 /* FreeMusicTests */ = {
			isa = PBXNativeTarget;
			buildConfigurationList = 3122F0271990A8B00077C857 /* Build configuration list for PBXNativeTarget "FreeMusicTests" */;
			buildPhases = (
				3122F00F1990A8B00077C857 /* Sources */,
				3122F0101990A8B00077C857 /* Frameworks */,
				3122F0111990A8B00077C857 /* Resources */,
			);
			buildRules = (
			);
			dependencies = (
				3122F0191990A8B00077C857 /* PBXTargetDependency */,
			);
			name = FreeMusicTests;
			productName = FreeMusicTests;
			productReference = 3122F0131990A8B00077C857 /* FreeMusicTests.xctest */;
			productType = "com.apple.product-type.bundle.unit-test";
		};
/* End PBXNativeTarget section */

/* Begin PBXProject section */
		3122EFF01990A8B00077C857 /* Project object */ = {
			isa = PBXProject;
			attributes = {
				LastUpgradeCheck = 0510;
				ORGANIZATIONNAME = youup;
				TargetAttributes = {
					3122F0121990A8B00077C857 = {
						TestTargetID = 3122EFF71990A8B00077C857;
					};
				};
			};
			buildConfigurationList = 3122EFF31990A8B00077C857 /* Build configuration list for PBXProject "FreeMusic" */;
			compatibilityVersion = "Xcode 3.2";
			developmentRegion = English;
			hasScannedForEncodings = 0;
			knownRegions = (
				en,
			);
			mainGroup = 3122EFEF1990A8B00077C857;
			productRefGroup = 3122EFF91990A8B00077C857 /* Products */;
			projectDirPath = "";
			projectRoot = "";
			targets = (
				3122EFF71990A8B00077C857 /* FreeMusic */,
				3122F0121990A8B00077C857 /* FreeMusicTests */,
			);
		};
/* End PBXProject section */

/* Begin PBXResourcesBuildPhase section */
		3122EFF61990A8B00077C857 /* Resources */ = {
			isa = PBXResourcesBuildPhase;
			buildActionMask = 2147483647;
			files = (
				3176A6B51992105500D37CCC /* pauseHight@2x.png in Resources */,
				3176A6BC19921B5400D37CCC /* collect@2x.png in Resources */,
				3176A6B41992105500D37CCC /* pause@2x.png in Resources */,
				3176A6B31992105500D37CCC /* nextSong@2x.png in Resources */,
				3176A6BE19921B5400D37CCC /* downLoad@2x.png in Resources */,
				3176A6C2199220AB00D37CCC /* nav_music@2x.png in Resources */,
				3176A6B61992105500D37CCC /* play@2x.png in Resources */,
				317DEE0E1990E7F20054D225 /* nav_backbtn@2x.png in Resources */,
				31DA4BDC1990C8850018519B /* mymusic@2x.png in Resources */,
				314876B71990B53000D0CFCE /* 1136.png in Resources */,
				3176A6AB199206CF00D37CCC /* random@2x.png in Resources */,
				3176A6AA199206CF00D37CCC /* order@2x.png in Resources */,
				314876B81990B53000D0CFCE /* 960.png in Resources */,
				31DA4BDD1990C8850018519B /* tabbarMovie@2x.png in Resources */,
				3176A6B71992105500D37CCC /* playList@2x.png in Resources */,
				317812F11993566D0040AA29 /* avatar.png in Resources */,
				3176A6AC199206CF00D37CCC /* repeate@2x.png in Resources */,
				3122F0061990A8B00077C857 /* InfoPlist.strings in Resources */,
				3122F00E1990A8B00077C857 /* Images.xcassets in Resources */,
				31DA4BDE1990C8850018519B /* tabbarSearch@2x.png in Resources */,
				3176A6B81992105500D37CCC /* preSong@2x.png in Resources */,
				3176A6A61991FA5000D37CCC /* slider-thumb.png in Resources */,
				3176A6BD19921B5400D37CCC /* collected@2x.png in Resources */,
			);
			runOnlyForDeploymentPostprocessing = 0;
		};
		3122F0111990A8B00077C857 /* Resources */ = {
			isa = PBXResourcesBuildPhase;
			buildActionMask = 2147483647;
			files = (
				3122F01F1990A8B00077C857 /* InfoPlist.strings in Resources */,
			);
			runOnlyForDeploymentPostprocessing = 0;
		};
/* End PBXResourcesBuildPhase section */

/* Begin PBXSourcesBuildPhase section */
		3122EFF41990A8B00077C857 /* Sources */ = {
			isa = PBXSourcesBuildPhase;
			buildActionMask = 2147483647;
			files = (
				314876AF1990B33D00D0CFCE /* MyMusicViewController.m in Sources */,
				317812FB1993628D0040AA29 /* AsyncImageDownloader.m in Sources */,
				317812FE1993628D0040AA29 /* UIImageView+OnlineImage.m in Sources */,
				31781308199366930040AA29 /* MyCircleImageView+OnlineImage.m in Sources */,
				31AC14C019932958006150A1 /* FMDatabasePool.m in Sources */,
				31AC14C219932958006150A1 /* FMResultSet.m in Sources */,
				3176A6A41991BD4700D37CCC /* MyNavigationBar.m in Sources */,
				3141E84819922F8600CB58A1 /* MyCircleImageView.m in Sources */,
				31AC14C119932958006150A1 /* FMDatabaseQueue.m in Sources */,
				317812EF199350EE0040AA29 /* SingerInfo.m in Sources */,
				317812FC1993628D0040AA29 /* ImageCacheQueue.m in Sources */,
				31AC14BE19932958006150A1 /* FMDatabase.m in Sources */,
				3122F00C1990A8B00077C857 /* AppDelegate.m in Sources */,
				3122F0081990A8B00077C857 /* main.m in Sources */,
				31084413199373DE00175CD3 /* SongListViewController.m in Sources */,
				317812FD1993628D0040AA29 /* NSString+MD5.m in Sources */,
				314876B21990B35200D0CFCE /* TudouViewController.m in Sources */,
				31AC14BF19932958006150A1 /* FMDatabaseAdditions.m in Sources */,
				3141E8451992278E00CB58A1 /* MyTableViewCell.m in Sources */,
				317DEE0C1990DF680054D225 /* PlayViewController.m in Sources */,
				314876AC1990B30100D0CFCE /* SearchViewController.m in Sources */,
			);
			runOnlyForDeploymentPostprocessing = 0;
		};
		3122F00F1990A8B00077C857 /* Sources */ = {
			isa = PBXSourcesBuildPhase;
			buildActionMask = 2147483647;
			files = (
				3122F0211990A8B00077C857 /* FreeMusicTests.m in Sources */,
			);
			runOnlyForDeploymentPostprocessing = 0;
		};
/* End PBXSourcesBuildPhase section */

/* Begin PBXTargetDependency section */
		3122F0191990A8B00077C857 /* PBXTargetDependency */ = {
			isa = PBXTargetDependency;
			target = 3122EFF71990A8B00077C857 /* FreeMusic */;
			targetProxy = 3122F0181990A8B00077C857 /* PBXContainerItemProxy */;
		};
/* End PBXTargetDependency section */

/* Begin PBXVariantGroup section */
		3122F0041990A8B00077C857 /* InfoPlist.strings */ = {
			isa = PBXVariantGroup;
			children = (
				3122F0051990A8B00077C857 /* en */,
			);
			name = InfoPlist.strings;
			sourceTree = "<group>";
		};
		3122F01D1990A8B00077C857 /* InfoPlist.strings */ = {
			isa = PBXVariantGroup;
			children = (
				3122F01E1990A8B00077C857 /* en */,
			);
			name = InfoPlist.strings;
			sourceTree = "<group>";
		};
/* End PBXVariantGroup section */

/* Begin XCBuildConfiguration section */
		3122F0221990A8B00077C857 /* Debug */ = {
			isa = XCBuildConfiguration;
			buildSettings = {
				ALWAYS_SEARCH_USER_PATHS = NO;
				CLANG_CXX_LANGUAGE_STANDARD = "gnu++0x";
				CLANG_CXX_LIBRARY = "libc++";
				CLANG_ENABLE_MODULES = YES;
				CLANG_ENABLE_OBJC_ARC = YES;
				CLANG_WARN_BOOL_CONVERSION = YES;
				CLANG_WARN_CONSTANT_CONVERSION = YES;
				CLANG_WARN_DIRECT_OBJC_ISA_USAGE = YES_ERROR;
				CLANG_WARN_EMPTY_BODY = YES;
				CLANG_WARN_ENUM_CONVERSION = YES;
				CLANG_WARN_INT_CONVERSION = YES;
				CLANG_WARN_OBJC_ROOT_CLASS = YES_ERROR;
				CLANG_WARN__DUPLICATE_METHOD_MATCH = YES;
				"CODE_SIGN_IDENTITY[sdk=iphoneos*]" = "iPhone Developer";
				COPY_PHASE_STRIP = NO;
				GCC_C_LANGUAGE_STANDARD = gnu99;
				GCC_DYNAMIC_NO_PIC = NO;
				GCC_OPTIMIZATION_LEVEL = 0;
				GCC_PREPROCESSOR_DEFINITIONS = (
					"DEBUG=1",
					"$(inherited)",
				);
				GCC_SYMBOLS_PRIVATE_EXTERN = NO;
				GCC_WARN_64_TO_32_BIT_CONVERSION = YES;
				GCC_WARN_ABOUT_RETURN_TYPE = YES_ERROR;
				GCC_WARN_UNDECLARED_SELECTOR = YES;
				GCC_WARN_UNINITIALIZED_AUTOS = YES_AGGRESSIVE;
				GCC_WARN_UNUSED_FUNCTION = YES;
				GCC_WARN_UNUSED_VARIABLE = YES;
				IPHONEOS_DEPLOYMENT_TARGET = 7.1;
				ONLY_ACTIVE_ARCH = YES;
				SDKROOT = iphoneos;
			};
			name = Debug;
		};
		3122F0231990A8B00077C857 /* Release */ = {
			isa = XCBuildConfiguration;
			buildSettings = {
				ALWAYS_SEARCH_USER_PATHS = NO;
				CLANG_CXX_LANGUAGE_STANDARD = "gnu++0x";
				CLANG_CXX_LIBRARY = "libc++";
				CLANG_ENABLE_MODULES = YES;
				CLANG_ENABLE_OBJC_ARC = YES;
				CLANG_WARN_BOOL_CONVERSION = YES;
				CLANG_WARN_CONSTANT_CONVERSION = YES;
				CLANG_WARN_DIRECT_OBJC_ISA_USAGE = YES_ERROR;
				CLANG_WARN_EMPTY_BODY = YES;
				CLANG_WARN_ENUM_CONVERSION = YES;
				CLANG_WARN_INT_CONVERSION = YES;
				CLANG_WARN_OBJC_ROOT_CLASS = YES_ERROR;
				CLANG_WARN__DUPLICATE_METHOD_MATCH = YES;
				"CODE_SIGN_IDENTITY[sdk=iphoneos*]" = "iPhone Developer";
				COPY_PHASE_STRIP = YES;
				ENABLE_NS_ASSERTIONS = NO;
				GCC_C_LANGUAGE_STANDARD = gnu99;
				GCC_WARN_64_TO_32_BIT_CONVERSION = YES;
				GCC_WARN_ABOUT_RETURN_TYPE = YES_ERROR;
				GCC_WARN_UNDECLARED_SELECTOR = YES;
				GCC_WARN_UNINITIALIZED_AUTOS = YES_AGGRESSIVE;
				GCC_WARN_UNUSED_FUNCTION = YES;
				GCC_WARN_UNUSED_VARIABLE = YES;
				IPHONEOS_DEPLOYMENT_TARGET = 7.1;
				SDKROOT = iphoneos;
				VALIDATE_PRODUCT = YES;
			};
			name = Release;
		};
		3122F0251990A8B00077C857 /* Debug */ = {
			isa = XCBuildConfiguration;
			buildSettings = {
				ASSETCATALOG_COMPILER_APPICON_NAME = AppIcon;
				ASSETCATALOG_COMPILER_LAUNCHIMAGE_NAME = LaunchImage;
				CLANG_ENABLE_OBJC_ARC = NO;
				GCC_PRECOMPILE_PREFIX_HEADER = YES;
				GCC_PREFIX_HEADER = "FreeMusic/FreeMusic-Prefix.pch";
				INFOPLIST_FILE = "FreeMusic/FreeMusic-Info.plist";
				PRODUCT_NAME = "$(TARGET_NAME)";
				WRAPPER_EXTENSION = app;
			};
			name = Debug;
		};
		3122F0261990A8B00077C857 /* Release */ = {
			isa = XCBuildConfiguration;
			buildSettings = {
				ASSETCATALOG_COMPILER_APPICON_NAME = AppIcon;
				ASSETCATALOG_COMPILER_LAUNCHIMAGE_NAME = LaunchImage;
				CLANG_ENABLE_OBJC_ARC = NO;
				GCC_PRECOMPILE_PREFIX_HEADER = YES;
				GCC_PREFIX_HEADER = "FreeMusic/FreeMusic-Prefix.pch";
				INFOPLIST_FILE = "FreeMusic/FreeMusic-Info.plist";
				PRODUCT_NAME = "$(TARGET_NAME)";
				WRAPPER_EXTENSION = app;
			};
			name = Release;
		};
		3122F0281990A8B00077C857 /* Debug */ = {
			isa = XCBuildConfiguration;
			buildSettings = {
				BUNDLE_LOADER = "$(BUILT_PRODUCTS_DIR)/FreeMusic.app/FreeMusic";
				FRAMEWORK_SEARCH_PATHS = (
					"$(SDKROOT)/Developer/Library/Frameworks",
					"$(inherited)",
					"$(DEVELOPER_FRAMEWORKS_DIR)",
				);
				GCC_PRECOMPILE_PREFIX_HEADER = YES;
				GCC_PREFIX_HEADER = "FreeMusic/FreeMusic-Prefix.pch";
				GCC_PREPROCESSOR_DEFINITIONS = (
					"DEBUG=1",
					"$(inherited)",
				);
				INFOPLIST_FILE = "FreeMusicTests/FreeMusicTests-Info.plist";
				PRODUCT_NAME = "$(TARGET_NAME)";
				TEST_HOST = "$(BUNDLE_LOADER)";
				WRAPPER_EXTENSION = xctest;
			};
			name = Debug;
		};
		3122F0291990A8B00077C857 /* Release */ = {
			isa = XCBuildConfiguration;
			buildSettings = {
				BUNDLE_LOADER = "$(BUILT_PRODUCTS_DIR)/FreeMusic.app/FreeMusic";
				FRAMEWORK_SEARCH_PATHS = (
					"$(SDKROOT)/Developer/Library/Frameworks",
					"$(inherited)",
					"$(DEVELOPER_FRAMEWORKS_DIR)",
				);
				GCC_PRECOMPILE_PREFIX_HEADER = YES;
				GCC_PREFIX_HEADER = "FreeMusic/FreeMusic-Prefix.pch";
				INFOPLIST_FILE = "FreeMusicTests/FreeMusicTests-Info.plist";
				PRODUCT_NAME = "$(TARGET_NAME)";
				TEST_HOST = "$(BUNDLE_LOADER)";
				WRAPPER_EXTENSION = xctest;
			};
			name = Release;
		};
/* End XCBuildConfiguration section */

/* Begin XCConfigurationList section */
		3122EFF31990A8B00077C857 /* Build configuration list for PBXProject "FreeMusic" */ = {
			isa = XCConfigurationList;
			buildConfigurations = (
				3122F0221990A8B00077C857 /* Debug */,
				3122F0231990A8B00077C857 /* Release */,
			);
			defaultConfigurationIsVisible = 0;
			defaultConfigurationName = Release;
		};
		3122F0241990A8B00077C857 /* Build configuration list for PBXNativeTarget "FreeMusic" */ = {
			isa = XCConfigurationList;
			buildConfigurations = (
				3122F0251990A8B00077C857 /* Debug */,
				3122F0261990A8B00077C857 /* Release */,
			);
			defaultConfigurationIsVisible = 0;
			defaultConfigurationName = Release;
		};
		3122F0271990A8B00077C857 /* Build configuration list for PBXNativeTarget "FreeMusicTests" */ = {
			isa = XCConfigurationList;
			buildConfigurations = (
				3122F0281990A8B00077C857 /* Debug */,
				3122F0291990A8B00077C857 /* Release */,
			);
			defaultConfigurationIsVisible = 0;
			defaultConfigurationName = Release;
		};
/* End XCConfigurationList section */
	};
	rootObject = 3122EFF01990A8B00077C857 /* Project object */;
}
